
Microsoft Visual Studio Solution File, Format Version 12.00
# Visual Studio Version 17
VisualStudioVersion = 17.7.34009.444
MinimumVisualStudioVersion = 10.0.40219.1
Project("{2150E333-8FDC-42A3-9474-1A3956D46DE8}") = "API", "API", "{50DD8BE6-E9E5-451A-AD78-55E78A0CC6CA}"
EndProject
Project("{2150E333-8FDC-42A3-9474-1A3956D46DE8}") = "Application", "Application", "{5320E856-A331-4DCB-AFA7-0C1513CC7A26}"
EndProject
Project("{9A19103F-16F7-4668-BE54-9A1E7A4F7556}") = "Application", "Application\Application.csproj", "{59133E42-1202-49D4-8A2C-4A7A77F8F236}"
EndProject
Project("{9A19103F-16F7-4668-BE54-9A1E7A4F7556}") = "ApiGateway", "ApiGateway\ApiGateway.csproj", "{DD8E57BB-ADA0-47AF-BED1-711E5A02045B}"
EndProject
Global
	GlobalSection(SolutionConfigurationPlatforms) = preSolution
		Debug|Any CPU = Debug|Any CPU
		Release|Any CPU = Release|Any CPU
	EndGlobalSection
	GlobalSection(ProjectConfigurationPlatforms) = postSolution
		{59133E42-1202-49D4-8A2C-4A7A77F8F236}.Debug|Any CPU.ActiveCfg = Debug|Any CPU
		{59133E42-1202-49D4-8A2C-4A7A77F8F236}.Debug|Any CPU.Build.0 = Debug|Any CPU
		{59133E42-1202-49D4-8A2C-4A7A77F8F236}.Release|Any CPU.ActiveCfg = Release|Any CPU
		{59133E42-1202-49D4-8A2C-4A7A77F8F236}.Release|Any CPU.Build.0 = Release|Any CPU
		{DD8E57BB-ADA0-47AF-BED1-711E5A02045B}.Debug|Any CPU.ActiveCfg = Debug|Any CPU
		{DD8E57BB-ADA0-47AF-BED1-711E5A02045B}.Debug|Any CPU.Build.0 = Debug|Any CPU
		{DD8E57BB-ADA0-47AF-BED1-711E5A02045B}.Release|Any CPU.ActiveCfg = Release|Any CPU
		{DD8E57BB-ADA0-47AF-BED1-711E5A02045B}.Release|Any CPU.Build.0 = Release|Any CPU
	EndGlobalSection
	GlobalSection(SolutionProperties) = preSolution
		HideSolutionNode = FALSE
	EndGlobalSection
	GlobalSection(NestedProjects) = preSolution
		{59133E42-1202-49D4-8A2C-4A7A77F8F236} = {5320E856-A331-4DCB-AFA7-0C1513CC7A26}
		{DD8E57BB-ADA0-47AF-BED1-711E5A02045B} = {50DD8BE6-E9E5-451A-AD78-55E78A0CC6CA}
	EndGlobalSection
EndGlobal
